
Microsoft Visual Studio Solution File, Format Version 12.00
# Visual Studio Version 17
VisualStudioVersion = 17.8.34330.188
MinimumVisualStudioVersion = 10.0.40219.1
Project("{FAE04EC0-301F-11D3-BF4B-00C04F79EFBC}") = "MyDNS", "MyDNS.csproj", "{C2A00057-5CA2-4215-A662-26BB071CAAF2}"
EndProject
Global
	GlobalSection(SolutionConfigurationPlatforms) = preSolution
		Debug|Any CPU = Debug|Any CPU
		Release|Any CPU = Release|Any CPU
	EndGlobalSection
	GlobalSection(ProjectConfigurationPlatforms) = postSolution
		{C2A00057-5CA2-4215-A662-26BB071CAAF2}.Debug|Any CPU.ActiveCfg = Debug|Any CPU
		{C2A00057-5CA2-4215-A662-26BB071CAAF2}.Debug|Any CPU.Build.0 = Debug|Any CPU
		{C2A00057-5CA2-4215-A662-26BB071CAAF2}.Release|Any CPU.ActiveCfg = Release|Any CPU
		{C2A00057-5CA2-4215-A662-26BB071CAAF2}.Release|Any CPU.Build.0 = Release|Any CPU
	EndGlobalSection
	GlobalSection(SolutionProperties) = preSolution
		HideSolutionNode = FALSE
	EndGlobalSection
	GlobalSection(ExtensibilityGlobals) = postSolution
		SolutionGuid = {2BC90D7A-0428-4E46-B5A8-00994E0DCE0B}
	EndGlobalSection
EndGlobal
